{
  "name": "llm-portability-demo",
  "lockfileVersion": 3,
  "requires": true,
  "packages": {
    "": {
      "name": "llm-portability-demo",
      "license": "MIT",
      "dependencies": {
        "json-from-llm": "^0.2.1",
        "llm-errors": "^0.1.3",
        "llm-messages": "^0.5.0",
        "llm-sse": "^0.4.4",
        "tool-schema": "^0.2.0"
      }
    },
    "node_modules/json-from-llm": {
      "version": "0.2.1",
      "resolved": "https://registry.npmjs.org/json-from-llm/-/json-from-llm-0.2.1.tgz",
      "integrity": "sha512-3bpTqRX36sPjIsqplZIzFIAvj8wHfM0bMmw89eEn9j+ZIUIxL+/PyhU00H9fE+efSPfd2qOTcTvHTk0vyYvXsg==",
      "license": "MIT",
      "bin": {
        "json-from-llm": "dist/cli.js"
      },
      "engines": {
        "node": ">=18"
      }
    },
    "node_modules/llm-errors": {
      "version": "0.1.3",
      "resolved": "https://registry.npmjs.org/llm-errors/-/llm-errors-0.1.3.tgz",
      "integrity": "sha512-IBU44dS43fv7pEjcJ0nxrBqjDOx3iAS8S2HcIqzA8OknQYmHGqUeps/Tm/gyYfpuOn0Yc4bK5+fFp88GzLxPYQ==",
      "license": "MIT",
      "engines": {
        "node": ">=18"
      }
    },
    "node_modules/llm-messages": {
      "version": "0.5.0",
      "resolved": "https://registry.npmjs.org/llm-messages/-/llm-messages-0.5.0.tgz",
      "integrity": "sha512-rytkXKQ+GcE7iWwZkMjjUrDn1ZzhET9WGOsBdxbg4fAqvsUhDI9qJbJ+U+PSQbEhWpXrDl6Dr9PIp2UBEXjjLw==",
      "license": "MIT",
      "engines": {
        "node": ">=18"
      }
    },
    "node_modules/llm-sse": {
      "version": "0.4.4",
      "resolved": "https://registry.npmjs.org/llm-sse/-/llm-sse-0.4.4.tgz",
      "integrity": "sha512-YTHlnqwaAwRnSxMdKGJAGHkcmSlBT8VY+IxJ/Inuh7as58LUBCxtrnYhlGiZKpDNzDoygLxzzsby41T0H7aLnQ==",
      "license": "MIT",
      "engines": {
        "node": ">=18"
      }
    },
    "node_modules/tool-schema": {
      "version": "0.2.0",
      "resolved": "https://registry.npmjs.org/tool-schema/-/tool-schema-0.2.0.tgz",
      "integrity": "sha512-9/P86XsujLCD+nCq4y7930hpmP0Klz+AKKZfl3Ujt74ijcKJtSrYzo+nexkQL2sCG8ben+Ql77h8iz+grPrpzQ==",
      "license": "MIT",
      "bin": {
        "tool-schema": "dist/cli.js"
      },
      "engines": {
        "node": ">=18"
      }
    }
  }
}
