{
  "name": "llm-portability-demo",
  "version": "0.0.0",
  "lockfileVersion": 3,
  "requires": true,
  "packages": {
    "": {
      "name": "llm-portability-demo",
      "version": "0.0.0",
      "license": "MIT",
      "dependencies": {
        "json-from-llm": "^0.2.6",
        "llm-errors": "^0.1.9",
        "llm-messages": "^0.5.4",
        "llm-sse": "^0.4.9",
        "tool-schema": "^0.4.0"
      }
    },
    "node_modules/json-from-llm": {
      "version": "0.2.6",
      "resolved": "https://registry.npmjs.org/json-from-llm/-/json-from-llm-0.2.6.tgz",
      "integrity": "sha512-TJbI+OqoHGDRKl7CoWFIqAHNR6HEKZce//+My7u7NgBGY93hYsWgGs9U2Gesp596Q0ha1AeKEpdCa29XXBzwHA==",
      "license": "MIT",
      "bin": {
        "json-from-llm": "dist/cli.js"
      },
      "engines": {
        "node": ">=18"
      }
    },
    "node_modules/llm-errors": {
      "version": "0.1.9",
      "resolved": "https://registry.npmjs.org/llm-errors/-/llm-errors-0.1.9.tgz",
      "integrity": "sha512-iHwpCZABeipDjmnVxrDrIk88iaKEC3gIDkHixiQUtPM/bde/Qz95xt1dhx7bqF2/xEZmmOiY8P67Bt+i9FVnyA==",
      "license": "MIT",
      "engines": {
        "node": ">=18"
      }
    },
    "node_modules/llm-messages": {
      "version": "0.5.4",
      "resolved": "https://registry.npmjs.org/llm-messages/-/llm-messages-0.5.4.tgz",
      "integrity": "sha512-CVpgE9HhoE9tSAy2Npq1igNMN1juhFtwqpiIFw0RyUJEZ3uSrXWXtqnD9QLDqZQVCZzsoYzd0MZYgttazx+Plg==",
      "license": "MIT",
      "engines": {
        "node": ">=18"
      }
    },
    "node_modules/llm-sse": {
      "version": "0.4.9",
      "resolved": "https://registry.npmjs.org/llm-sse/-/llm-sse-0.4.9.tgz",
      "integrity": "sha512-6UH7R4tvJ882TmK0BeWHEHrbJtowcJw9JudfKv/4W84kg2NuT2eEg1WZ0dOaYY+etuYeyjc1zumEF0Zda7ybKA==",
      "license": "MIT",
      "engines": {
        "node": ">=18"
      }
    },
    "node_modules/tool-schema": {
      "version": "0.4.0",
      "resolved": "https://registry.npmjs.org/tool-schema/-/tool-schema-0.4.0.tgz",
      "integrity": "sha512-W5RWHEUk8uF93ihVikD99rrJ4S7K0ZLnxoX4W2Io4W6y9AjEWe3JoJQgoY8iKsB/u4/Uhp5IfjgiuoLKS0qz9g==",
      "license": "MIT",
      "bin": {
        "tool-schema": "dist/cli.js"
      },
      "engines": {
        "node": ">=18"
      }
    }
  }
}
